
Microsoft Visual Studio Solution File, Format Version 12.00
# Visual Studio Version 16
VisualStudioVersion = 16.0.29609.76
MinimumVisualStudioVersion = 10.0.40219.1
Project("{8BC9CEB8-8B4A-11D0-8D11-00A0C91BC942}") = "Drum_Led_Controller_Firmware", "Drum_Led_Controller_Firmware\Drum_Led_Controller_Firmware.vcxproj", "{C5F80730-F44F-4478-BDAE-6634EFC2CA88}"
EndProject
Project("{2150E333-8FDC-42A3-9474-1A3956D46DE8}") = "Useful Info", "Useful Info", "{13CA4112-BDFF-4D15-9353-BCF4082F3D6A}"
	ProjectSection(SolutionItems) = preProject
		dlp File Structure.txt = dlp File Structure.txt
		OctoWS2811.html = OctoWS2811.html
		Pins Info.txt = Pins Info.txt
		Drum_Led_Controller_Firmware\Libraries\SdFs\2018.6.24\SdFs\doc\SdFs.html = Drum_Led_Controller_Firmware\Libraries\SdFs\2018.6.24\SdFs\doc\SdFs.html
		Test Strip Lengths.txt = Test Strip Lengths.txt
		Variables to setup.txt = Variables to setup.txt
	EndProjectSection
EndProject
Project("{8BC9CEB8-8B4A-11D0-8D11-00A0C91BC942}") = "SdFs-2018.6.24", "Drum_Led_Controller_Firmware\Libraries\SdFs\2018.6.24\SdFs\SdFs-2018.6.24.vcxitems", "{94FB1662-C33D-498F-AB31-55C81359210E}"
EndProject
Project("{8BC9CEB8-8B4A-11D0-8D11-00A0C91BC942}") = "OctoWS2811-1.4", "Drum_Led_Controller_Firmware\Libraries\OctoWS2811\1.4\OctoWS2811\OctoWS2811-1.4.vcxitems", "{D25857B9-D4F7-4A3E-A7A9-07D2D6DAB416}"
EndProject
Project("{FAE04EC0-301F-11D3-BF4B-00C04F79EFBC}") = "Drum_Led_Presets_Editor", "Drum_Led_Patch_Editor\Drum_Led_Presets_Editor.csproj", "{B489003D-D14F-46AF-9819-B8CD3B65FD1E}"
EndProject
Project("{FAE04EC0-301F-11D3-BF4B-00C04F79EFBC}") = "Drum_Led_Controller_Settings", "Drum_Led_Controller_Settings\Drum_Led_Controller_Settings.csproj", "{38CC4415-2F66-4A06-8911-2D7C6D30EEFD}"
EndProject
Project("{8BC9CEB8-8B4A-11D0-8D11-00A0C91BC942}") = "Wireless_Switch_Firmware", "Wireless_Switch_Firmware\Wireless_Switch_Firmware.vcxproj", "{3ED5CE46-AC32-4BA1-8BC5-B00CEC8BD2E9}"
EndProject
Project("{8BC9CEB8-8B4A-11D0-8D11-00A0C91BC942}") = "SoftwareSerial-1.0", "Wireless_Switch_Firmware\Libraries\SoftwareSerial\1.0\SoftwareSerial\SoftwareSerial-1.0.vcxitems", "{5725C6DC-E30C-4EC6-9D10-825AB9CC291F}"
EndProject
Project("{8BC9CEB8-8B4A-11D0-8D11-00A0C91BC942}") = "OneButton-1.3.0", "Wireless_Switch_Firmware\Libraries\OneButton\1.3.0\OneButton\OneButton-1.3.0.vcxitems", "{FFDD653C-ACF5-4EEA-9233-A34870C1DFB1}"
EndProject
Global
	GlobalSection(SharedMSBuildProjectFiles) = preSolution
		Wireless_Switch_Firmware\Libraries\OneButton\1.3.0\OneButton\OneButton-1.3.0.vcxitems*{3ed5ce46-ac32-4ba1-8bc5-b00cec8bd2e9}*SharedItemsImports = 4
		Wireless_Switch_Firmware\Libraries\SoftwareSerial\1.0\SoftwareSerial\SoftwareSerial-1.0.vcxitems*{3ed5ce46-ac32-4ba1-8bc5-b00cec8bd2e9}*SharedItemsImports = 4
		Wireless_Switch_Firmware\Libraries\SoftwareSerial\1.0\SoftwareSerial\SoftwareSerial-1.0.vcxitems*{5725c6dc-e30c-4ec6-9d10-825ab9cc291f}*SharedItemsImports = 9
		Drum_Led_Controller_Firmware\Libraries\SdFs\2018.6.24\SdFs\SdFs-2018.6.24.vcxitems*{94fb1662-c33d-498f-ab31-55c81359210e}*SharedItemsImports = 9
		Drum_Led_Controller_Firmware\Libraries\OctoWS2811\1.4\OctoWS2811\OctoWS2811-1.4.vcxitems*{c5f80730-f44f-4478-bdae-6634efc2ca88}*SharedItemsImports = 4
		Drum_Led_Controller_Firmware\Libraries\SdFs\2018.6.24\SdFs\SdFs-2018.6.24.vcxitems*{c5f80730-f44f-4478-bdae-6634efc2ca88}*SharedItemsImports = 4
		Drum_Led_Controller_Firmware\Libraries\OctoWS2811\1.4\OctoWS2811\OctoWS2811-1.4.vcxitems*{d25857b9-d4f7-4a3e-a7a9-07d2d6dab416}*SharedItemsImports = 9
		Wireless_Switch_Firmware\Libraries\OneButton\1.3.0\OneButton\OneButton-1.3.0.vcxitems*{ffdd653c-acf5-4eea-9233-a34870c1dfb1}*SharedItemsImports = 9
	EndGlobalSection
	GlobalSection(SolutionConfigurationPlatforms) = preSolution
		Debug|Any CPU = Debug|Any CPU
		Debug|x86 = Debug|x86
		Release|Any CPU = Release|Any CPU
		Release|x86 = Release|x86
	EndGlobalSection
	GlobalSection(ProjectConfigurationPlatforms) = postSolution
		{C5F80730-F44F-4478-BDAE-6634EFC2CA88}.Debug|Any CPU.ActiveCfg = Debug|Win32
		{C5F80730-F44F-4478-BDAE-6634EFC2CA88}.Debug|x86.ActiveCfg = Debug|Win32
		{C5F80730-F44F-4478-BDAE-6634EFC2CA88}.Debug|x86.Build.0 = Debug|Win32
		{C5F80730-F44F-4478-BDAE-6634EFC2CA88}.Release|Any CPU.ActiveCfg = Release|Win32
		{C5F80730-F44F-4478-BDAE-6634EFC2CA88}.Release|x86.ActiveCfg = Release|Win32
		{C5F80730-F44F-4478-BDAE-6634EFC2CA88}.Release|x86.Build.0 = Release|Win32
		{B489003D-D14F-46AF-9819-B8CD3B65FD1E}.Debug|Any CPU.ActiveCfg = Debug|Any CPU
		{B489003D-D14F-46AF-9819-B8CD3B65FD1E}.Debug|Any CPU.Build.0 = Debug|Any CPU
		{B489003D-D14F-46AF-9819-B8CD3B65FD1E}.Debug|x86.ActiveCfg = Debug|Any CPU
		{B489003D-D14F-46AF-9819-B8CD3B65FD1E}.Debug|x86.Build.0 = Debug|Any CPU
		{B489003D-D14F-46AF-9819-B8CD3B65FD1E}.Release|Any CPU.ActiveCfg = Release|Any CPU
		{B489003D-D14F-46AF-9819-B8CD3B65FD1E}.Release|Any CPU.Build.0 = Release|Any CPU
		{B489003D-D14F-46AF-9819-B8CD3B65FD1E}.Release|x86.ActiveCfg = Release|Any CPU
		{B489003D-D14F-46AF-9819-B8CD3B65FD1E}.Release|x86.Build.0 = Release|Any CPU
		{38CC4415-2F66-4A06-8911-2D7C6D30EEFD}.Debug|Any CPU.ActiveCfg = Debug|Any CPU
		{38CC4415-2F66-4A06-8911-2D7C6D30EEFD}.Debug|Any CPU.Build.0 = Debug|Any CPU
		{38CC4415-2F66-4A06-8911-2D7C6D30EEFD}.Debug|x86.ActiveCfg = Debug|Any CPU
		{38CC4415-2F66-4A06-8911-2D7C6D30EEFD}.Debug|x86.Build.0 = Debug|Any CPU
		{38CC4415-2F66-4A06-8911-2D7C6D30EEFD}.Release|Any CPU.ActiveCfg = Release|Any CPU
		{38CC4415-2F66-4A06-8911-2D7C6D30EEFD}.Release|Any CPU.Build.0 = Release|Any CPU
		{38CC4415-2F66-4A06-8911-2D7C6D30EEFD}.Release|x86.ActiveCfg = Release|Any CPU
		{38CC4415-2F66-4A06-8911-2D7C6D30EEFD}.Release|x86.Build.0 = Release|Any CPU
		{3ED5CE46-AC32-4BA1-8BC5-B00CEC8BD2E9}.Debug|Any CPU.ActiveCfg = Debug|Win32
		{3ED5CE46-AC32-4BA1-8BC5-B00CEC8BD2E9}.Debug|x86.ActiveCfg = Debug|Win32
		{3ED5CE46-AC32-4BA1-8BC5-B00CEC8BD2E9}.Debug|x86.Build.0 = Debug|Win32
		{3ED5CE46-AC32-4BA1-8BC5-B00CEC8BD2E9}.Release|Any CPU.ActiveCfg = Release|Win32
		{3ED5CE46-AC32-4BA1-8BC5-B00CEC8BD2E9}.Release|x86.ActiveCfg = Release|Win32
		{3ED5CE46-AC32-4BA1-8BC5-B00CEC8BD2E9}.Release|x86.Build.0 = Release|Win32
	EndGlobalSection
	GlobalSection(SolutionProperties) = preSolution
		HideSolutionNode = FALSE
	EndGlobalSection
	GlobalSection(ExtensibilityGlobals) = postSolution
		SolutionGuid = {341EF10D-3C7B-43BF-9F1D-74C3547424E6}
	EndGlobalSection
EndGlobal
